
Microsoft Visual Studio Solution File, Format Version 12.00
# Visual Studio Version 17
VisualStudioVersion = 17.11.35303.130
MinimumVisualStudioVersion = 10.0.40219.1
Project("{9A19103F-16F7-4668-BE54-9A1E7A4F7556}") = "Server", "Server.csproj", "{857C3ADA-3AE0-4BB0-8BAD-6026FDF98211}"
EndProject
Global
	GlobalSection(SolutionConfigurationPlatforms) = preSolution
		Debug|Any CPU = Debug|Any CPU
		Release|Any CPU = Release|Any CPU
	EndGlobalSection
	GlobalSection(ProjectConfigurationPlatforms) = postSolution
		{857C3ADA-3AE0-4BB0-8BAD-6026FDF98211}.Debug|Any CPU.ActiveCfg = Debug|Any CPU
		{857C3ADA-3AE0-4BB0-8BAD-6026FDF98211}.Debug|Any CPU.Build.0 = Debug|Any CPU
		{857C3ADA-3AE0-4BB0-8BAD-6026FDF98211}.Release|Any CPU.ActiveCfg = Release|Any CPU
		{857C3ADA-3AE0-4BB0-8BAD-6026FDF98211}.Release|Any CPU.Build.0 = Release|Any CPU
	EndGlobalSection
	GlobalSection(SolutionProperties) = preSolution
		HideSolutionNode = FALSE
	EndGlobalSection
	GlobalSection(ExtensibilityGlobals) = postSolution
		SolutionGuid = {5D129495-AD19-4ED7-9650-586A9303E33B}
	EndGlobalSection
EndGlobal
